
Microsoft Visual Studio Solution File, Format Version 12.00
# Visual Studio Version 16
VisualStudioVersion = 16.0.30413.136
MinimumVisualStudioVersion = 10.0.40219.1
Project("{FAE04EC0-301F-11D3-BF4B-00C04F79EFBC}") = "LocalMessengerClient", "LocalMessengerClient\LocalMessengerClient.csproj", "{97385B31-7C47-4DE1-9D39-E89A0BACFCB5}"
EndProject
Project("{FAE04EC0-301F-11D3-BF4B-00C04F79EFBC}") = "LocalMessengerServer", "LocalMessengerServer\LocalMessengerServer.csproj", "{A7FF1266-5977-4100-8002-7221C352098C}"
EndProject
Global
	GlobalSection(SolutionConfigurationPlatforms) = preSolution
		Debug|Any CPU = Debug|Any CPU
		Release|Any CPU = Release|Any CPU
	EndGlobalSection
	GlobalSection(ProjectConfigurationPlatforms) = postSolution
		{97385B31-7C47-4DE1-9D39-E89A0BACFCB5}.Debug|Any CPU.ActiveCfg = Debug|Any CPU
		{97385B31-7C47-4DE1-9D39-E89A0BACFCB5}.Debug|Any CPU.Build.0 = Debug|Any CPU
		{97385B31-7C47-4DE1-9D39-E89A0BACFCB5}.Release|Any CPU.ActiveCfg = Release|Any CPU
		{97385B31-7C47-4DE1-9D39-E89A0BACFCB5}.Release|Any CPU.Build.0 = Release|Any CPU
		{A7FF1266-5977-4100-8002-7221C352098C}.Debug|Any CPU.ActiveCfg = Debug|Any CPU
		{A7FF1266-5977-4100-8002-7221C352098C}.Debug|Any CPU.Build.0 = Debug|Any CPU
		{A7FF1266-5977-4100-8002-7221C352098C}.Release|Any CPU.ActiveCfg = Release|Any CPU
		{A7FF1266-5977-4100-8002-7221C352098C}.Release|Any CPU.Build.0 = Release|Any CPU
	EndGlobalSection
	GlobalSection(SolutionProperties) = preSolution
		HideSolutionNode = FALSE
	EndGlobalSection
	GlobalSection(ExtensibilityGlobals) = postSolution
		SolutionGuid = {091C2CD5-0266-43EA-A7DD-4ABFB6D6F8C5}
	EndGlobalSection
EndGlobal
